
Microsoft Visual Studio Solution File, Format Version 12.00
# Visual Studio Version 16
VisualStudioVersion = 16.0.29326.143
MinimumVisualStudioVersion = 10.0.40219.1
Project("{FAE04EC0-301F-11D3-BF4B-00C04F79EFBC}") = "RetryPattern", "RetryPattern\RetryPattern.csproj", "{9ABAAF9E-FAB9-44F0-979A-98A07AC575DB}"
EndProject
Project("{FAE04EC0-301F-11D3-BF4B-00C04F79EFBC}") = "RetryPatternAsync", "RetryPatternAsync\RetryPatternAsync.csproj", "{5F1D683A-F6A4-4EAB-93D7-A7CF799776D6}"
EndProject
Global
	GlobalSection(SolutionConfigurationPlatforms) = preSolution
		Debug|Any CPU = Debug|Any CPU
		Release|Any CPU = Release|Any CPU
	EndGlobalSection
	GlobalSection(ProjectConfigurationPlatforms) = postSolution
		{9ABAAF9E-FAB9-44F0-979A-98A07AC575DB}.Debug|Any CPU.ActiveCfg = Debug|Any CPU
		{9ABAAF9E-FAB9-44F0-979A-98A07AC575DB}.Debug|Any CPU.Build.0 = Debug|Any CPU
		{9ABAAF9E-FAB9-44F0-979A-98A07AC575DB}.Release|Any CPU.ActiveCfg = Release|Any CPU
		{9ABAAF9E-FAB9-44F0-979A-98A07AC575DB}.Release|Any CPU.Build.0 = Release|Any CPU
		{5F1D683A-F6A4-4EAB-93D7-A7CF799776D6}.Debug|Any CPU.ActiveCfg = Debug|Any CPU
		{5F1D683A-F6A4-4EAB-93D7-A7CF799776D6}.Debug|Any CPU.Build.0 = Debug|Any CPU
		{5F1D683A-F6A4-4EAB-93D7-A7CF799776D6}.Release|Any CPU.ActiveCfg = Release|Any CPU
		{5F1D683A-F6A4-4EAB-93D7-A7CF799776D6}.Release|Any CPU.Build.0 = Release|Any CPU
	EndGlobalSection
	GlobalSection(SolutionProperties) = preSolution
		HideSolutionNode = FALSE
	EndGlobalSection
	GlobalSection(ExtensibilityGlobals) = postSolution
		SolutionGuid = {A4AC9AF0-ADF3-4E33-B3B7-4DF9A3B9A660}
	EndGlobalSection
EndGlobal
